// !$*UTF8*$!
{
	archiveVersion = 1;
	classes = {
	};
	objectVersion = 46;
	objects = {

/* Begin PBXBuildFile section */
		1C07C8CD1C6732970067876A /* DraggableCardView.swift in Sources */ = {isa = PBXBuildFile; fileRef = 1C07C8941C6732970067876A /* DraggableCardView.swift */; };
		1C07C8CE1C6732970067876A /* KolodaView.swift in Sources */ = {isa = PBXBuildFile; fileRef = 1C07C8951C6732970067876A /* KolodaView.swift */; };
		1C07C8CF1C6732970067876A /* OverlayView.swift in Sources */ = {isa = PBXBuildFile; fileRef = 1C07C8971C6732970067876A /* OverlayView.swift */; };
		1C07C8D01C6732970067876A /* POPAnimatableProperty.mm in Sources */ = {isa = PBXBuildFile; fileRef = 1C07C89C1C6732970067876A /* POPAnimatableProperty.mm */; };
		1C07C8D11C6732970067876A /* POPAnimation.mm in Sources */ = {isa = PBXBuildFile; fileRef = 1C07C89E1C6732970067876A /* POPAnimation.mm */; };
		1C07C8D21C6732970067876A /* POPAnimationEvent.mm in Sources */ = {isa = PBXBuildFile; fileRef = 1C07C8A01C6732970067876A /* POPAnimationEvent.mm */; };
		1C07C8D31C6732970067876A /* POPAnimationExtras.mm in Sources */ = {isa = PBXBuildFile; fileRef = 1C07C8A31C6732970067876A /* POPAnimationExtras.mm */; };
		1C07C8D41C6732970067876A /* POPAnimationRuntime.mm in Sources */ = {isa = PBXBuildFile; fileRef = 1C07C8A71C6732970067876A /* POPAnimationRuntime.mm */; };
		1C07C8D51C6732970067876A /* POPAnimationTracer.mm in Sources */ = {isa = PBXBuildFile; fileRef = 1C07C8A91C6732970067876A /* POPAnimationTracer.mm */; };
		1C07C8D61C6732970067876A /* POPAnimator.mm in Sources */ = {isa = PBXBuildFile; fileRef = 1C07C8AC1C6732970067876A /* POPAnimator.mm */; };
		1C07C8D71C6732970067876A /* POPBasicAnimation.mm in Sources */ = {isa = PBXBuildFile; fileRef = 1C07C8AF1C6732970067876A /* POPBasicAnimation.mm */; };
		1C07C8D81C6732970067876A /* POPCGUtils.mm in Sources */ = {isa = PBXBuildFile; fileRef = 1C07C8B21C6732970067876A /* POPCGUtils.mm */; };
		1C07C8D91C6732970067876A /* POPCustomAnimation.mm in Sources */ = {isa = PBXBuildFile; fileRef = 1C07C8B41C6732970067876A /* POPCustomAnimation.mm */; };
		1C07C8DA1C6732970067876A /* POPDecayAnimation.mm in Sources */ = {isa = PBXBuildFile; fileRef = 1C07C8B61C6732970067876A /* POPDecayAnimation.mm */; };
		1C07C8DB1C6732970067876A /* POPGeometry.mm in Sources */ = {isa = PBXBuildFile; fileRef = 1C07C8BA1C6732970067876A /* POPGeometry.mm */; };
		1C07C8DC1C6732970067876A /* POPLayerExtras.mm in Sources */ = {isa = PBXBuildFile; fileRef = 1C07C8BC1C6732970067876A /* POPLayerExtras.mm */; };
		1C07C8DD1C6732970067876A /* POPMath.mm in Sources */ = {isa = PBXBuildFile; fileRef = 1C07C8BE1C6732970067876A /* POPMath.mm */; };
		1C07C8DE1C6732970067876A /* POPPropertyAnimation.mm in Sources */ = {isa = PBXBuildFile; fileRef = 1C07C8C01C6732970067876A /* POPPropertyAnimation.mm */; };
		1C07C8DF1C6732970067876A /* POPSpringAnimation.mm in Sources */ = {isa = PBXBuildFile; fileRef = 1C07C8C31C6732970067876A /* POPSpringAnimation.mm */; };
		1C07C8E01C6732970067876A /* POPVector.mm in Sources */ = {isa = PBXBuildFile; fileRef = 1C07C8C71C6732970067876A /* POPVector.mm */; };
		1C07C8E11C6732970067876A /* TransformationMatrix.cpp in Sources */ = {isa = PBXBuildFile; fileRef = 1C07C8CA1C6732970067876A /* TransformationMatrix.cpp */; };
		1C07C8E31C67378B0067876A /* CustomKolodaView.swift in Sources */ = {isa = PBXBuildFile; fileRef = 1C07C8E21C67378B0067876A /* CustomKolodaView.swift */; };
		1C0A172D1C749BC1000707EE /* DetaliKolodaView.swift in Sources */ = {isa = PBXBuildFile; fileRef = 1C0A172C1C749BC1000707EE /* DetaliKolodaView.swift */; };
		1C0A172F1C74A732000707EE /* DetaliKolodaView.xib in Resources */ = {isa = PBXBuildFile; fileRef = 1C0A172E1C74A732000707EE /* DetaliKolodaView.xib */; };
		1C44009A1C673C6F00767F8F /* CustomOverlayView.swift in Sources */ = {isa = PBXBuildFile; fileRef = 1C4400991C673C6F00767F8F /* CustomOverlayView.swift */; };
		1C44009C1C68715100767F8F /* LAModel.swift in Sources */ = {isa = PBXBuildFile; fileRef = 1C44009B1C68715100767F8F /* LAModel.swift */; };
		1CFFB8281C65EE04007695D1 /* AppDelegate.swift in Sources */ = {isa = PBXBuildFile; fileRef = 1CFFB8271C65EE04007695D1 /* AppDelegate.swift */; };
		1CFFB82A1C65EE04007695D1 /* ViewController.swift in Sources */ = {isa = PBXBuildFile; fileRef = 1CFFB8291C65EE04007695D1 /* ViewController.swift */; };
		1CFFB82D1C65EE04007695D1 /* Main.storyboard in Resources */ = {isa = PBXBuildFile; fileRef = 1CFFB82B1C65EE04007695D1 /* Main.storyboard */; };
		1CFFB82F1C65EE04007695D1 /* Assets.xcassets in Resources */ = {isa = PBXBuildFile; fileRef = 1CFFB82E1C65EE04007695D1 /* Assets.xcassets */; };
		1CFFB8321C65EE04007695D1 /* LaunchScreen.storyboard in Resources */ = {isa = PBXBuildFile; fileRef = 1CFFB8301C65EE04007695D1 /* LaunchScreen.storyboard */; };
		1CFFB83D1C65EE05007695D1 /* langerageTests.swift in Sources */ = {isa = PBXBuildFile; fileRef = 1CFFB83C1C65EE05007695D1 /* langerageTests.swift */; };
		1CFFB8481C65EE05007695D1 /* langerageUITests.swift in Sources */ = {isa = PBXBuildFile; fileRef = 1CFFB8471C65EE05007695D1 /* langerageUITests.swift */; };
		1CFFB8561C65F183007695D1 /* LATabBarController.swift in Sources */ = {isa = PBXBuildFile; fileRef = 1CFFB8551C65F183007695D1 /* LATabBarController.swift */; };
		1CFFB8581C65F251007695D1 /* Constant.swift in Sources */ = {isa = PBXBuildFile; fileRef = 1CFFB8571C65F251007695D1 /* Constant.swift */; };
		1CFFB85E1C66274B007695D1 /* audio.sqlite3 in Resources */ = {isa = PBXBuildFile; fileRef = 1CFFB85A1C66274A007695D1 /* audio.sqlite3 */; };
		1CFFB85F1C66274B007695D1 /* lingopal.sqlite3 in Resources */ = {isa = PBXBuildFile; fileRef = 1CFFB85B1C66274B007695D1 /* lingopal.sqlite3 */; };
		1CFFB8601C66274B007695D1 /* phonetics.sqlite in Resources */ = {isa = PBXBuildFile; fileRef = 1CFFB85C1C66274B007695D1 /* phonetics.sqlite */; };
		1CFFB8611C66274B007695D1 /* useradded.sqlite in Resources */ = {isa = PBXBuildFile; fileRef = 1CFFB85D1C66274B007695D1 /* useradded.sqlite */; };
		1CFFB8711C66E745007695D1 /* DBUtility.swift in Sources */ = {isa = PBXBuildFile; fileRef = 1CFFB86C1C66E745007695D1 /* DBUtility.swift */; };
		1CFFB8721C66E745007695D1 /* LABaseColletionView.swift in Sources */ = {isa = PBXBuildFile; fileRef = 1CFFB86D1C66E745007695D1 /* LABaseColletionView.swift */; };
		1CFFB8731C66E745007695D1 /* LACollectionViewCell.swift in Sources */ = {isa = PBXBuildFile; fileRef = 1CFFB86E1C66E745007695D1 /* LACollectionViewCell.swift */; };
		1CFFB8741C66E745007695D1 /* LACollectionViewCellModel.swift in Sources */ = {isa = PBXBuildFile; fileRef = 1CFFB86F1C66E745007695D1 /* LACollectionViewCellModel.swift */; };
		1CFFB8781C670F10007695D1 /* detaliViewColntroller.swift in Sources */ = {isa = PBXBuildFile; fileRef = 1CFFB8771C670F10007695D1 /* detaliViewColntroller.swift */; };
		D223524F9DD2AAFD9F53C685 /* Pods.framework in Frameworks */ = {isa = PBXBuildFile; fileRef = 6452207FCEC4C1B30E01A7AC /* Pods.framework */; settings = {ATTRIBUTES = (Weak, ); }; };
/* End PBXBuildFile section */

/* Begin PBXContainerItemProxy section */
		1CFFB8391C65EE05007695D1 /* PBXContainerItemProxy */ = {
			isa = PBXContainerItemProxy;
			containerPortal = 1CFFB81C1C65EE04007695D1 /* Project object */;
			proxyType = 1;
			remoteGlobalIDString = 1CFFB8231C65EE04007695D1;
			remoteInfo = langerage;
		};
		1CFFB8441C65EE05007695D1 /* PBXContainerItemProxy */ = {
			isa = PBXContainerItemProxy;
			containerPortal = 1CFFB81C1C65EE04007695D1 /* Project object */;
			proxyType = 1;
			remoteGlobalIDString = 1CFFB8231C65EE04007695D1;
			remoteInfo = langerage;
		};
/* End PBXContainerItemProxy section */

/* Begin PBXFileReference section */
		1C07C8941C6732970067876A /* DraggableCardView.swift */ = {isa = PBXFileReference; fileEncoding = 4; lastKnownFileType = sourcecode.swift; path = DraggableCardView.swift; sourceTree = "<group>"; };
		1C07C8951C6732970067876A /* KolodaView.swift */ = {isa = PBXFileReference; fileEncoding = 4; lastKnownFileType = sourcecode.swift; path = KolodaView.swift; sourceTree = "<group>"; };
		1C07C8971C6732970067876A /* OverlayView.swift */ = {isa = PBXFileReference; fileEncoding = 4; lastKnownFileType = sourcecode.swift; path = OverlayView.swift; sourceTree = "<group>"; };
		1C07C8991C6732970067876A /* POP.h */ = {isa = PBXFileReference; fileEncoding = 4; lastKnownFileType = sourcecode.c.h; path = POP.h; sourceTree = "<group>"; };
		1C07C89A1C6732970067876A /* POPAction.h */ = {isa = PBXFileReference; fileEncoding = 4; lastKnownFileType = sourcecode.c.h; path = POPAction.h; sourceTree = "<group>"; };
		1C07C89B1C6732970067876A /* POPAnimatableProperty.h */ = {isa = PBXFileReference; fileEncoding = 4; lastKnownFileType = sourcecode.c.h; path = POPAnimatableProperty.h; sourceTree = "<group>"; };
		1C07C89C1C6732970067876A /* POPAnimatableProperty.mm */ = {isa = PBXFileReference; fileEncoding = 4; lastKnownFileType = sourcecode.cpp.objcpp; path = POPAnimatableProperty.mm; sourceTree = "<group>"; };
		1C07C89D1C6732970067876A /* POPAnimation.h */ = {isa = PBXFileReference; fileEncoding = 4; lastKnownFileType = sourcecode.c.h; path = POPAnimation.h; sourceTree = "<group>"; };
		1C07C89E1C6732970067876A /* POPAnimation.mm */ = {isa = PBXFileReference; fileEncoding = 4; lastKnownFileType = sourcecode.cpp.objcpp; path = POPAnimation.mm; sourceTree = "<group>"; };
		1C07C89F1C6732970067876A /* POPAnimationEvent.h */ = {isa = PBXFileReference; fileEncoding = 4; lastKnownFileType = sourcecode.c.h; path = POPAnimationEvent.h; sourceTree = "<group>"; };
		1C07C8A01C6732970067876A /* POPAnimationEvent.mm */ = {isa = PBXFileReference; fileEncoding = 4; lastKnownFileType = sourcecode.cpp.objcpp; path = POPAnimationEvent.mm; sourceTree = "<group>"; };
		1C07C8A11C6732970067876A /* POPAnimationEventInternal.h */ = {isa = PBXFileReference; fileEncoding = 4; lastKnownFileType = sourcecode.c.h; path = POPAnimationEventInternal.h; sourceTree = "<group>"; };
		1C07C8A21C6732970067876A /* POPAnimationExtras.h */ = {isa = PBXFileReference; fileEncoding = 4; lastKnownFileType = sourcecode.c.h; path = POPAnimationExtras.h; sourceTree = "<group>"; };
		1C07C8A31C6732970067876A /* POPAnimationExtras.mm */ = {isa = PBXFileReference; fileEncoding = 4; lastKnownFileType = sourcecode.cpp.objcpp; path = POPAnimationExtras.mm; sourceTree = "<group>"; };
		1C07C8A41C6732970067876A /* POPAnimationInternal.h */ = {isa = PBXFileReference; fileEncoding = 4; lastKnownFileType = sourcecode.c.h; path = POPAnimationInternal.h; sourceTree = "<group>"; };
		1C07C8A51C6732970067876A /* POPAnimationPrivate.h */ = {isa = PBXFileReference; fileEncoding = 4; lastKnownFileType = sourcecode.c.h; path = POPAnimationPrivate.h; sourceTree = "<group>"; };
		1C07C8A61C6732970067876A /* POPAnimationRuntime.h */ = {isa = PBXFileReference; fileEncoding = 4; lastKnownFileType = sourcecode.c.h; path = POPAnimationRuntime.h; sourceTree = "<group>"; };
		1C07C8A71C6732970067876A /* POPAnimationRuntime.mm */ = {isa = PBXFileReference; fileEncoding = 4; lastKnownFileType = sourcecode.cpp.objcpp; path = POPAnimationRuntime.mm; sourceTree = "<group>"; };
		1C07C8A81C6732970067876A /* POPAnimationTracer.h */ = {isa = PBXFileReference; fileEncoding = 4; lastKnownFileType = sourcecode.c.h; path = POPAnimationTracer.h; sourceTree = "<group>"; };
		1C07C8A91C6732970067876A /* POPAnimationTracer.mm */ = {isa = PBXFileReference; fileEncoding = 4; lastKnownFileType = sourcecode.cpp.objcpp; path = POPAnimationTracer.mm; sourceTree = "<group>"; };
		1C07C8AA1C6732970067876A /* POPAnimationTracerInternal.h */ = {isa = PBXFileReference; fileEncoding = 4; lastKnownFileType = sourcecode.c.h; path = POPAnimationTracerInternal.h; sourceTree = "<group>"; };
		1C07C8AB1C6732970067876A /* POPAnimator.h */ = {isa = PBXFileReference; fileEncoding = 4; lastKnownFileType = sourcecode.c.h; path = POPAnimator.h; sourceTree = "<group>"; };
		1C07C8AC1C6732970067876A /* POPAnimator.mm */ = {isa = PBXFileReference; fileEncoding = 4; lastKnownFileType = sourcecode.cpp.objcpp; path = POPAnimator.mm; sourceTree = "<group>"; };
		1C07C8AD1C6732970067876A /* POPAnimatorPrivate.h */ = {isa = PBXFileReference; fileEncoding = 4; lastKnownFileType = sourcecode.c.h; path = POPAnimatorPrivate.h; sourceTree = "<group>"; };
		1C07C8AE1C6732970067876A /* POPBasicAnimation.h */ = {isa = PBXFileReference; fileEncoding = 4; lastKnownFileType = sourcecode.c.h; path = POPBasicAnimation.h; sourceTree = "<group>"; };
		1C07C8AF1C6732970067876A /* POPBasicAnimation.mm */ = {isa = PBXFileReference; fileEncoding = 4; lastKnownFileType = sourcecode.cpp.objcpp; path = POPBasicAnimation.mm; sourceTree = "<group>"; };
		1C07C8B01C6732970067876A /* POPBasicAnimationInternal.h */ = {isa = PBXFileReference; fileEncoding = 4; lastKnownFileType = sourcecode.c.h; path = POPBasicAnimationInternal.h; sourceTree = "<group>"; };
		1C07C8B11C6732970067876A /* POPCGUtils.h */ = {isa = PBXFileReference; fileEncoding = 4; lastKnownFileType = sourcecode.c.h; path = POPCGUtils.h; sourceTree = "<group>"; };
		1C07C8B21C6732970067876A /* POPCGUtils.mm */ = {isa = PBXFileReference; fileEncoding = 4; lastKnownFileType = sourcecode.cpp.objcpp; path = POPCGUtils.mm; sourceTree = "<group>"; };
		1C07C8B31C6732970067876A /* POPCustomAnimation.h */ = {isa = PBXFileReference; fileEncoding = 4; lastKnownFileType = sourcecode.c.h; path = POPCustomAnimation.h; sourceTree = "<group>"; };
		1C07C8B41C6732970067876A /* POPCustomAnimation.mm */ = {isa = PBXFileReference; fileEncoding = 4; lastKnownFileType = sourcecode.cpp.objcpp; path = POPCustomAnimation.mm; sourceTree = "<group>"; };
		1C07C8B51C6732970067876A /* POPDecayAnimation.h */ = {isa = PBXFileReference; fileEncoding = 4; lastKnownFileType = sourcecode.c.h; path = POPDecayAnimation.h; sourceTree = "<group>"; };
		1C07C8B61C6732970067876A /* POPDecayAnimation.mm */ = {isa = PBXFileReference; fileEncoding = 4; lastKnownFileType = sourcecode.cpp.objcpp; path = POPDecayAnimation.mm; sourceTree = "<group>"; };
		1C07C8B71C6732970067876A /* POPDecayAnimationInternal.h */ = {isa = PBXFileReference; fileEncoding = 4; lastKnownFileType = sourcecode.c.h; path = POPDecayAnimationInternal.h; sourceTree = "<group>"; };
		1C07C8B81C6732970067876A /* POPDefines.h */ = {isa = PBXFileReference; fileEncoding = 4; lastKnownFileType = sourcecode.c.h; path = POPDefines.h; sourceTree = "<group>"; };
		1C07C8B91C6732970067876A /* POPGeometry.h */ = {isa = PBXFileReference; fileEncoding = 4; lastKnownFileType = sourcecode.c.h; path = POPGeometry.h; sourceTree = "<group>"; };
		1C07C8BA1C6732970067876A /* POPGeometry.mm */ = {isa = PBXFileReference; fileEncoding = 4; lastKnownFileType = sourcecode.cpp.objcpp; path = POPGeometry.mm; sourceTree = "<group>"; };
		1C07C8BB1C6732970067876A /* POPLayerExtras.h */ = {isa = PBXFileReference; fileEncoding = 4; lastKnownFileType = sourcecode.c.h; path = POPLayerExtras.h; sourceTree = "<group>"; };
		1C07C8BC1C6732970067876A /* POPLayerExtras.mm */ = {isa = PBXFileReference; fileEncoding = 4; lastKnownFileType = sourcecode.cpp.objcpp; path = POPLayerExtras.mm; sourceTree = "<group>"; };
		1C07C8BD1C6732970067876A /* POPMath.h */ = {isa = PBXFileReference; fileEncoding = 4; lastKnownFileType = sourcecode.c.h; path = POPMath.h; sourceTree = "<group>"; };
		1C07C8BE1C6732970067876A /* POPMath.mm */ = {isa = PBXFileReference; fileEncoding = 4; lastKnownFileType = sourcecode.cpp.objcpp; path = POPMath.mm; sourceTree = "<group>"; };
		1C07C8BF1C6732970067876A /* POPPropertyAnimation.h */ = {isa = PBXFileReference; fileEncoding = 4; lastKnownFileType = sourcecode.c.h; path = POPPropertyAnimation.h; sourceTree = "<group>"; };
		1C07C8C01C6732970067876A /* POPPropertyAnimation.mm */ = {isa = PBXFileReference; fileEncoding = 4; lastKnownFileType = sourcecode.cpp.objcpp; path = POPPropertyAnimation.mm; sourceTree = "<group>"; };
		1C07C8C11C6732970067876A /* POPPropertyAnimationInternal.h */ = {isa = PBXFileReference; fileEncoding = 4; lastKnownFileType = sourcecode.c.h; path = POPPropertyAnimationInternal.h; sourceTree = "<group>"; };
		1C07C8C21C6732970067876A /* POPSpringAnimation.h */ = {isa = PBXFileReference; fileEncoding = 4; lastKnownFileType = sourcecode.c.h; path = POPSpringAnimation.h; sourceTree = "<group>"; };
		1C07C8C31C6732970067876A /* POPSpringAnimation.mm */ = {isa = PBXFileReference; fileEncoding = 4; lastKnownFileType = sourcecode.cpp.objcpp; path = POPSpringAnimation.mm; sourceTree = "<group>"; };
		1C07C8C41C6732970067876A /* POPSpringAnimationInternal.h */ = {isa = PBXFileReference; fileEncoding = 4; lastKnownFileType = sourcecode.c.h; path = POPSpringAnimationInternal.h; sourceTree = "<group>"; };
		1C07C8C51C6732970067876A /* POPSpringSolver.h */ = {isa = PBXFileReference; fileEncoding = 4; lastKnownFileType = sourcecode.c.h; path = POPSpringSolver.h; sourceTree = "<group>"; };
		1C07C8C61C6732970067876A /* POPVector.h */ = {isa = PBXFileReference; fileEncoding = 4; lastKnownFileType = sourcecode.c.h; path = POPVector.h; sourceTree = "<group>"; };
		1C07C8C71C6732970067876A /* POPVector.mm */ = {isa = PBXFileReference; fileEncoding = 4; lastKnownFileType = sourcecode.cpp.objcpp; path = POPVector.mm; sourceTree = "<group>"; };
		1C07C8C91C6732970067876A /* FloatConversion.h */ = {isa = PBXFileReference; fileEncoding = 4; lastKnownFileType = sourcecode.c.h; path = FloatConversion.h; sourceTree = "<group>"; };
		1C07C8CA1C6732970067876A /* TransformationMatrix.cpp */ = {isa = PBXFileReference; fileEncoding = 4; lastKnownFileType = sourcecode.cpp.cpp; path = TransformationMatrix.cpp; sourceTree = "<group>"; };
		1C07C8CB1C6732970067876A /* TransformationMatrix.h */ = {isa = PBXFileReference; fileEncoding = 4; lastKnownFileType = sourcecode.c.h; path = TransformationMatrix.h; sourceTree = "<group>"; };
		1C07C8CC1C6732970067876A /* UnitBezier.h */ = {isa = PBXFileReference; fileEncoding = 4; lastKnownFileType = sourcecode.c.h; path = UnitBezier.h; sourceTree = "<group>"; };
		1C07C8E21C67378B0067876A /* CustomKolodaView.swift */ = {isa = PBXFileReference; fileEncoding = 4; lastKnownFileType = sourcecode.swift; path = CustomKolodaView.swift; sourceTree = "<group>"; };
		1C0A172C1C749BC1000707EE /* DetaliKolodaView.swift */ = {isa = PBXFileReference; fileEncoding = 4; lastKnownFileType = sourcecode.swift; path = DetaliKolodaView.swift; sourceTree = "<group>"; };
		1C0A172E1C74A732000707EE /* DetaliKolodaView.xib */ = {isa = PBXFileReference; fileEncoding = 4; lastKnownFileType = file.xib; name = DetaliKolodaView.xib; path = XIB/DetaliKolodaView.xib; sourceTree = "<group>"; };
		1C4400991C673C6F00767F8F /* CustomOverlayView.swift */ = {isa = PBXFileReference; fileEncoding = 4; lastKnownFileType = sourcecode.swift; path = CustomOverlayView.swift; sourceTree = "<group>"; };
		1C44009B1C68715100767F8F /* LAModel.swift */ = {isa = PBXFileReference; fileEncoding = 4; lastKnownFileType = sourcecode.swift; path = LAModel.swift; sourceTree = "<group>"; };
		1CFFB8241C65EE04007695D1 /* langerage.app */ = {isa = PBXFileReference; explicitFileType = wrapper.application; includeInIndex = 0; path = langerage.app; sourceTree = BUILT_PRODUCTS_DIR; };
		1CFFB8271C65EE04007695D1 /* AppDelegate.swift */ = {isa = PBXFileReference; lastKnownFileType = sourcecode.swift; path = AppDelegate.swift; sourceTree = "<group>"; };
		1CFFB8291C65EE04007695D1 /* ViewController.swift */ = {isa = PBXFileReference; lastKnownFileType = sourcecode.swift; path = ViewController.swift; sourceTree = "<group>"; };
		1CFFB82C1C65EE04007695D1 /* Base */ = {isa = PBXFileReference; lastKnownFileType = file.storyboard; name = Base; path = Base.lproj/Main.storyboard; sourceTree = "<group>"; };
		1CFFB82E1C65EE04007695D1 /* Assets.xcassets */ = {isa = PBXFileReference; lastKnownFileType = folder.assetcatalog; path = Assets.xcassets; sourceTree = "<group>"; };
		1CFFB8311C65EE04007695D1 /* Base */ = {isa = PBXFileReference; lastKnownFileType = file.storyboard; name = Base; path = Base.lproj/LaunchScreen.storyboard; sourceTree = "<group>"; };
		1CFFB8331C65EE04007695D1 /* Info.plist */ = {isa = PBXFileReference; lastKnownFileType = text.plist.xml; path = Info.plist; sourceTree = "<group>"; };
		1CFFB8381C65EE05007695D1 /* langerageTests.xctest */ = {isa = PBXFileReference; explicitFileType = wrapper.cfbundle; includeInIndex = 0; path = langerageTests.xctest; sourceTree = BUILT_PRODUCTS_DIR; };
		1CFFB83C1C65EE05007695D1 /* langerageTests.swift */ = {isa = PBXFileReference; lastKnownFileType = sourcecode.swift; path = langerageTests.swift; sourceTree = "<group>"; };
		1CFFB83E1C65EE05007695D1 /* Info.plist */ = {isa = PBXFileReference; lastKnownFileType = text.plist.xml; path = Info.plist; sourceTree = "<group>"; };
		1CFFB8431C65EE05007695D1 /* langerageUITests.xctest */ = {isa = PBXFileReference; explicitFileType = wrapper.cfbundle; includeInIndex = 0; path = langerageUITests.xctest; sourceTree = BUILT_PRODUCTS_DIR; };
		1CFFB8471C65EE05007695D1 /* langerageUITests.swift */ = {isa = PBXFileReference; lastKnownFileType = sourcecode.swift; path = langerageUITests.swift; sourceTree = "<group>"; };
		1CFFB8491C65EE05007695D1 /* Info.plist */ = {isa = PBXFileReference; lastKnownFileType = text.plist.xml; path = Info.plist; sourceTree = "<group>"; };
		1CFFB8551C65F183007695D1 /* LATabBarController.swift */ = {isa = PBXFileReference; fileEncoding = 4; lastKnownFileType = sourcecode.swift; path = LATabBarController.swift; sourceTree = "<group>"; };
		1CFFB8571C65F251007695D1 /* Constant.swift */ = {isa = PBXFileReference; fileEncoding = 4; lastKnownFileType = sourcecode.swift; path = Constant.swift; sourceTree = "<group>"; };
		1CFFB85A1C66274A007695D1 /* audio.sqlite3 */ = {isa = PBXFileReference; lastKnownFileType = file; path = audio.sqlite3; sourceTree = "<group>"; };
		1CFFB85B1C66274B007695D1 /* lingopal.sqlite3 */ = {isa = PBXFileReference; lastKnownFileType = file; path = lingopal.sqlite3; sourceTree = "<group>"; };
		1CFFB85C1C66274B007695D1 /* phonetics.sqlite */ = {isa = PBXFileReference; lastKnownFileType = file; path = phonetics.sqlite; sourceTree = "<group>"; };
		1CFFB85D1C66274B007695D1 /* useradded.sqlite */ = {isa = PBXFileReference; lastKnownFileType = file; path = useradded.sqlite; sourceTree = "<group>"; };
		1CFFB86C1C66E745007695D1 /* DBUtility.swift */ = {isa = PBXFileReference; fileEncoding = 4; lastKnownFileType = sourcecode.swift; path = DBUtility.swift; sourceTree = "<group>"; };
		1CFFB86D1C66E745007695D1 /* LABaseColletionView.swift */ = {isa = PBXFileReference; fileEncoding = 4; lastKnownFileType = sourcecode.swift; path = LABaseColletionView.swift; sourceTree = "<group>"; };
		1CFFB86E1C66E745007695D1 /* LACollectionViewCell.swift */ = {isa = PBXFileReference; fileEncoding = 4; lastKnownFileType = sourcecode.swift; path = LACollectionViewCell.swift; sourceTree = "<group>"; };
		1CFFB86F1C66E745007695D1 /* LACollectionViewCellModel.swift */ = {isa = PBXFileReference; fileEncoding = 4; lastKnownFileType = sourcecode.swift; path = LACollectionViewCellModel.swift; sourceTree = "<group>"; };
		1CFFB8771C670F10007695D1 /* detaliViewColntroller.swift */ = {isa = PBXFileReference; fileEncoding = 4; lastKnownFileType = sourcecode.swift; path = detaliViewColntroller.swift; sourceTree = "<group>"; };
		6452207FCEC4C1B30E01A7AC /* Pods.framework */ = {isa = PBXFileReference; explicitFileType = wrapper.framework; includeInIndex = 0; path = Pods.framework; sourceTree = BUILT_PRODUCTS_DIR; };
		BC96A8A6F57F199A0EDBDD46 /* Pods.release.xcconfig */ = {isa = PBXFileReference; includeInIndex = 1; lastKnownFileType = text.xcconfig; name = Pods.release.xcconfig; path = "Pods/Target Support Files/Pods/Pods.release.xcconfig"; sourceTree = "<group>"; };
		D1577AA7FDB8030A45D0290D /* Pods.debug.xcconfig */ = {isa = PBXFileReference; includeInIndex = 1; lastKnownFileType = text.xcconfig; name = Pods.debug.xcconfig; path = "Pods/Target Support Files/Pods/Pods.debug.xcconfig"; sourceTree = "<group>"; };
/* End PBXFileReference section */

/* Begin PBXFrameworksBuildPhase section */
		1CFFB8211C65EE04007695D1 /* Frameworks */ = {
			isa = PBXFrameworksBuildPhase;
			buildActionMask = 2147483647;
			files = (
				D223524F9DD2AAFD9F53C685 /* Pods.framework in Frameworks */,
			);
			runOnlyForDeploymentPostprocessing = 0;
		};
		1CFFB8351C65EE05007695D1 /* Frameworks */ = {
			isa = PBXFrameworksBuildPhase;
			buildActionMask = 2147483647;
			files = (
			);
			runOnlyForDeploymentPostprocessing = 0;
		};
		1CFFB8401C65EE05007695D1 /* Frameworks */ = {
			isa = PBXFrameworksBuildPhase;
			buildActionMask = 2147483647;
			files = (
			);
			runOnlyForDeploymentPostprocessing = 0;
		};
/* End PBXFrameworksBuildPhase section */

/* Begin PBXGroup section */
		1C07C8911C6732970067876A /* tirtheParty */ = {
			isa = PBXGroup;
			children = (
				1C07C8921C6732970067876A /* KolodaView */,
				1C07C8981C6732970067876A /* pop */,
			);
			path = tirtheParty;
			sourceTree = "<group>";
		};
		1C07C8921C6732970067876A /* KolodaView */ = {
			isa = PBXGroup;
			children = (
				1C07C8931C6732970067876A /* DraggableCardView */,
				1C07C8951C6732970067876A /* KolodaView.swift */,
				1C07C8961C6732970067876A /* OverlayView */,
			);
			path = KolodaView;
			sourceTree = "<group>";
		};
		1C07C8931C6732970067876A /* DraggableCardView */ = {
			isa = PBXGroup;
			children = (
				1C07C8941C6732970067876A /* DraggableCardView.swift */,
			);
			path = DraggableCardView;
			sourceTree = "<group>";
		};
		1C07C8961C6732970067876A /* OverlayView */ = {
			isa = PBXGroup;
			children = (
				1C07C8971C6732970067876A /* OverlayView.swift */,
			);
			path = OverlayView;
			sourceTree = "<group>";
		};
		1C07C8981C6732970067876A /* pop */ = {
			isa = PBXGroup;
			children = (
				1C07C8991C6732970067876A /* POP.h */,
				1C07C89A1C6732970067876A /* POPAction.h */,
				1C07C89B1C6732970067876A /* POPAnimatableProperty.h */,
				1C07C89C1C6732970067876A /* POPAnimatableProperty.mm */,
				1C07C89D1C6732970067876A /* POPAnimation.h */,
				1C07C89E1C6732970067876A /* POPAnimation.mm */,
				1C07C89F1C6732970067876A /* POPAnimationEvent.h */,
				1C07C8A01C6732970067876A /* POPAnimationEvent.mm */,
				1C07C8A11C6732970067876A /* POPAnimationEventInternal.h */,
				1C07C8A21C6732970067876A /* POPAnimationExtras.h */,
				1C07C8A31C6732970067876A /* POPAnimationExtras.mm */,
				1C07C8A41C6732970067876A /* POPAnimationInternal.h */,
				1C07C8A51C6732970067876A /* POPAnimationPrivate.h */,
				1C07C8A61C6732970067876A /* POPAnimationRuntime.h */,
				1C07C8A71C6732970067876A /* POPAnimationRuntime.mm */,
				1C07C8A81C6732970067876A /* POPAnimationTracer.h */,
				1C07C8A91C6732970067876A /* POPAnimationTracer.mm */,
				1C07C8AA1C6732970067876A /* POPAnimationTracerInternal.h */,
				1C07C8AB1C6732970067876A /* POPAnimator.h */,
				1C07C8AC1C6732970067876A /* POPAnimator.mm */,
				1C07C8AD1C6732970067876A /* POPAnimatorPrivate.h */,
				1C07C8AE1C6732970067876A /* POPBasicAnimation.h */,
				1C07C8AF1C6732970067876A /* POPBasicAnimation.mm */,
				1C07C8B01C6732970067876A /* POPBasicAnimationInternal.h */,
				1C07C8B11C6732970067876A /* POPCGUtils.h */,
				1C07C8B21C6732970067876A /* POPCGUtils.mm */,
				1C07C8B31C6732970067876A /* POPCustomAnimation.h */,
				1C07C8B41C6732970067876A /* POPCustomAnimation.mm */,
				1C07C8B51C6732970067876A /* POPDecayAnimation.h */,
				1C07C8B61C6732970067876A /* POPDecayAnimation.mm */,
				1C07C8B71C6732970067876A /* POPDecayAnimationInternal.h */,
				1C07C8B81C6732970067876A /* POPDefines.h */,
				1C07C8B91C6732970067876A /* POPGeometry.h */,
				1C07C8BA1C6732970067876A /* POPGeometry.mm */,
				1C07C8BB1C6732970067876A /* POPLayerExtras.h */,
				1C07C8BC1C6732970067876A /* POPLayerExtras.mm */,
				1C07C8BD1C6732970067876A /* POPMath.h */,
				1C07C8BE1C6732970067876A /* POPMath.mm */,
				1C07C8BF1C6732970067876A /* POPPropertyAnimation.h */,
				1C07C8C01C6732970067876A /* POPPropertyAnimation.mm */,
				1C07C8C11C6732970067876A /* POPPropertyAnimationInternal.h */,
				1C07C8C21C6732970067876A /* POPSpringAnimation.h */,
				1C07C8C31C6732970067876A /* POPSpringAnimation.mm */,
				1C07C8C41C6732970067876A /* POPSpringAnimationInternal.h */,
				1C07C8C51C6732970067876A /* POPSpringSolver.h */,
				1C07C8C61C6732970067876A /* POPVector.h */,
				1C07C8C71C6732970067876A /* POPVector.mm */,
				1C07C8C81C6732970067876A /* WebCore */,
			);
			path = pop;
			sourceTree = "<group>";
		};
		1C07C8C81C6732970067876A /* WebCore */ = {
			isa = PBXGroup;
			children = (
				1C07C8C91C6732970067876A /* FloatConversion.h */,
				1C07C8CA1C6732970067876A /* TransformationMatrix.cpp */,
				1C07C8CB1C6732970067876A /* TransformationMatrix.h */,
				1C07C8CC1C6732970067876A /* UnitBezier.h */,
			);
			path = WebCore;
			sourceTree = "<group>";
		};
		1CFFB81B1C65EE04007695D1 = {
			isa = PBXGroup;
			children = (
				1CFFB8261C65EE04007695D1 /* langerage */,
				1CFFB83B1C65EE05007695D1 /* langerageTests */,
				1CFFB8461C65EE05007695D1 /* langerageUITests */,
				1CFFB8251C65EE04007695D1 /* Products */,
				31FFD29FDEF326A9D67C1EEF /* Pods */,
				91C72976C54D36544BD2A779 /* Frameworks */,
			);
			sourceTree = "<group>";
		};
		1CFFB8251C65EE04007695D1 /* Products */ = {
			isa = PBXGroup;
			children = (
				1CFFB8241C65EE04007695D1 /* langerage.app */,
				1CFFB8381C65EE05007695D1 /* langerageTests.xctest */,
				1CFFB8431C65EE05007695D1 /* langerageUITests.xctest */,
			);
			name = Products;
			sourceTree = "<group>";
		};
		1CFFB8261C65EE04007695D1 /* langerage */ = {
			isa = PBXGroup;
			children = (
				1CFFB8271C65EE04007695D1 /* AppDelegate.swift */,
				1CFFB8291C65EE04007695D1 /* ViewController.swift */,
				1CFFB8571C65F251007695D1 /* Constant.swift */,
				1C07C8911C6732970067876A /* tirtheParty */,
				1CFFB8761C66E77D007695D1 /* detaliView */,
				1CFFB86B1C66E745007695D1 /* baseObject */,
				1CFFB82B1C65EE04007695D1 /* Main.storyboard */,
				1C0A172E1C74A732000707EE /* DetaliKolodaView.xib */,
				1CFFB82E1C65EE04007695D1 /* Assets.xcassets */,
				1CFFB8301C65EE04007695D1 /* LaunchScreen.storyboard */,
				1CFFB8331C65EE04007695D1 /* Info.plist */,
				1CFFB8591C66274A007695D1 /* Resources */,
			);
			path = langerage;
			sourceTree = "<group>";
		};
		1CFFB83B1C65EE05007695D1 /* langerageTests */ = {
			isa = PBXGroup;
			children = (
				1CFFB83C1C65EE05007695D1 /* langerageTests.swift */,
				1CFFB83E1C65EE05007695D1 /* Info.plist */,
			);
			path = langerageTests;
			sourceTree = "<group>";
		};
		1CFFB8461C65EE05007695D1 /* langerageUITests */ = {
			isa = PBXGroup;
			children = (
				1CFFB8471C65EE05007695D1 /* langerageUITests.swift */,
				1CFFB8491C65EE05007695D1 /* Info.plist */,
			);
			path = langerageUITests;
			sourceTree = "<group>";
		};
		1CFFB8591C66274A007695D1 /* Resources */ = {
			isa = PBXGroup;
			children = (
				1CFFB85A1C66274A007695D1 /* audio.sqlite3 */,
				1CFFB85B1C66274B007695D1 /* lingopal.sqlite3 */,
				1CFFB85C1C66274B007695D1 /* phonetics.sqlite */,
				1CFFB85D1C66274B007695D1 /* useradded.sqlite */,
			);
			path = Resources;
			sourceTree = "<group>";
		};
		1CFFB86B1C66E745007695D1 /* baseObject */ = {
			isa = PBXGroup;
			children = (
				1CFFB8551C65F183007695D1 /* LATabBarController.swift */,
				1CFFB86C1C66E745007695D1 /* DBUtility.swift */,
				1CFFB86D1C66E745007695D1 /* LABaseColletionView.swift */,
				1CFFB86E1C66E745007695D1 /* LACollectionViewCell.swift */,
				1CFFB86F1C66E745007695D1 /* LACollectionViewCellModel.swift */,
				1C44009B1C68715100767F8F /* LAModel.swift */,
			);
			path = baseObject;
			sourceTree = "<group>";
		};
		1CFFB8761C66E77D007695D1 /* detaliView */ = {
			isa = PBXGroup;
			children = (
				1CFFB8771C670F10007695D1 /* detaliViewColntroller.swift */,
				1C07C8E21C67378B0067876A /* CustomKolodaView.swift */,
				1C4400991C673C6F00767F8F /* CustomOverlayView.swift */,
				1C0A172C1C749BC1000707EE /* DetaliKolodaView.swift */,
			);
			path = detaliView;
			sourceTree = "<group>";
		};
		31FFD29FDEF326A9D67C1EEF /* Pods */ = {
			isa = PBXGroup;
			children = (
				D1577AA7FDB8030A45D0290D /* Pods.debug.xcconfig */,
				BC96A8A6F57F199A0EDBDD46 /* Pods.release.xcconfig */,
			);
			name = Pods;
			sourceTree = "<group>";
		};
		91C72976C54D36544BD2A779 /* Frameworks */ = {
			isa = PBXGroup;
			children = (
				6452207FCEC4C1B30E01A7AC /* Pods.framework */,
			);
			name = Frameworks;
			sourceTree = "<group>";
		};
/* End PBXGroup section */

/* Begin PBXNativeTarget section */
		1CFFB8231C65EE04007695D1 /* langerage */ = {
			isa = PBXNativeTarget;
			buildConfigurationList = 1CFFB84C1C65EE05007695D1 /* Build configuration list for PBXNativeTarget "langerage" */;
			buildPhases = (
				B3232DA4C1E34E4BCFA0FAD9 /* Check Pods Manifest.lock */,
				1CFFB8201C65EE04007695D1 /* Sources */,
				1CFFB8211C65EE04007695D1 /* Frameworks */,
				1CFFB8221C65EE04007695D1 /* Resources */,
				AF578103F0BC9736DF819B15 /* Embed Pods Frameworks */,
				02429B09C64651927DCBF3CC /* Copy Pods Resources */,
			);
			buildRules = (
			);
			dependencies = (
			);
			name = langerage;
			productName = langerage;
			productReference = 1CFFB8241C65EE04007695D1 /* langerage.app */;
			productType = "com.apple.product-type.application";
		};
		1CFFB8371C65EE05007695D1 /* langerageTests */ = {
			isa = PBXNativeTarget;
			buildConfigurationList = 1CFFB84F1C65EE05007695D1 /* Build configuration list for PBXNativeTarget "langerageTests" */;
			buildPhases = (
				1CFFB8341C65EE05007695D1 /* Sources */,
				1CFFB8351C65EE05007695D1 /* Frameworks */,
				1CFFB8361C65EE05007695D1 /* Resources */,
			);
			buildRules = (
			);
			dependencies = (
				1CFFB83A1C65EE05007695D1 /* PBXTargetDependency */,
			);
			name = langerageTests;
			productName = langerageTests;
			productReference = 1CFFB8381C65EE05007695D1 /* langerageTests.xctest */;
			productType = "com.apple.product-type.bundle.unit-test";
		};
		1CFFB8421C65EE05007695D1 /* langerageUITests */ = {
			isa = PBXNativeTarget;
			buildConfigurationList = 1CFFB8521C65EE05007695D1 /* Build configuration list for PBXNativeTarget "langerageUITests" */;
			buildPhases = (
				1CFFB83F1C65EE05007695D1 /* Sources */,
				1CFFB8401C65EE05007695D1 /* Frameworks */,
				1CFFB8411C65EE05007695D1 /* Resources */,
			);
			buildRules = (
			);
			dependencies = (
				1CFFB8451C65EE05007695D1 /* PBXTargetDependency */,
			);
			name = langerageUITests;
			productName = langerageUITests;
			productReference = 1CFFB8431C65EE05007695D1 /* langerageUITests.xctest */;
			productType = "com.apple.product-type.bundle.ui-testing";
		};
/* End PBXNativeTarget section */

/* Begin PBXProject section */
		1CFFB81C1C65EE04007695D1 /* Project object */ = {
			isa = PBXProject;
			attributes = {
				LastSwiftUpdateCheck = 0720;
				LastUpgradeCheck = 0720;
				ORGANIZATIONNAME = langerage;
				TargetAttributes = {
					1CFFB8231C65EE04007695D1 = {
						CreatedOnToolsVersion = 7.2.1;
					};
					1CFFB8371C65EE05007695D1 = {
						CreatedOnToolsVersion = 7.2.1;
						TestTargetID = 1CFFB8231C65EE04007695D1;
					};
					1CFFB8421C65EE05007695D1 = {
						CreatedOnToolsVersion = 7.2.1;
						TestTargetID = 1CFFB8231C65EE04007695D1;
					};
				};
			};
			buildConfigurationList = 1CFFB81F1C65EE04007695D1 /* Build configuration list for PBXProject "langerage" */;
			compatibilityVersion = "Xcode 3.2";
			developmentRegion = English;
			hasScannedForEncodings = 0;
			knownRegions = (
				en,
				Base,
			);
			mainGroup = 1CFFB81B1C65EE04007695D1;
			productRefGroup = 1CFFB8251C65EE04007695D1 /* Products */;
			projectDirPath = "";
			projectRoot = "";
			targets = (
				1CFFB8231C65EE04007695D1 /* langerage */,
				1CFFB8371C65EE05007695D1 /* langerageTests */,
				1CFFB8421C65EE05007695D1 /* langerageUITests */,
			);
		};
/* End PBXProject section */

/* Begin PBXResourcesBuildPhase section */
		1CFFB8221C65EE04007695D1 /* Resources */ = {
			isa = PBXResourcesBuildPhase;
			buildActionMask = 2147483647;
			files = (
				1CFFB8321C65EE04007695D1 /* LaunchScreen.storyboard in Resources */,
				1CFFB85F1C66274B007695D1 /* lingopal.sqlite3 in Resources */,
				1CFFB8611C66274B007695D1 /* useradded.sqlite in Resources */,
				1CFFB82F1C65EE04007695D1 /* Assets.xcassets in Resources */,
				1CFFB85E1C66274B007695D1 /* audio.sqlite3 in Resources */,
				1C0A172F1C74A732000707EE /* DetaliKolodaView.xib in Resources */,
				1CFFB82D1C65EE04007695D1 /* Main.storyboard in Resources */,
				1CFFB8601C66274B007695D1 /* phonetics.sqlite in Resources */,
			);
			runOnlyForDeploymentPostprocessing = 0;
		};
		1CFFB8361C65EE05007695D1 /* Resources */ = {
			isa = PBXResourcesBuildPhase;
			buildActionMask = 2147483647;
			files = (
			);
			runOnlyForDeploymentPostprocessing = 0;
		};
		1CFFB8411C65EE05007695D1 /* Resources */ = {
			isa = PBXResourcesBuildPhase;
			buildActionMask = 2147483647;
			files = (
			);
			runOnlyForDeploymentPostprocessing = 0;
		};
/* End PBXResourcesBuildPhase section */

/* Begin PBXShellScriptBuildPhase section */
		02429B09C64651927DCBF3CC /* Copy Pods Resources */ = {
			isa = PBXShellScriptBuildPhase;
			buildActionMask = 2147483647;
			files = (
			);
			inputPaths = (
			);
			name = "Copy Pods Resources";
			outputPaths = (
			);
			runOnlyForDeploymentPostprocessing = 0;
			shellPath = /bin/sh;
			shellScript = "\"${SRCROOT}/Pods/Target Support Files/Pods/Pods-resources.sh\"\n";
			showEnvVarsInLog = 0;
		};
		AF578103F0BC9736DF819B15 /* Embed Pods Frameworks */ = {
			isa = PBXShellScriptBuildPhase;
			buildActionMask = 2147483647;
			files = (
			);
			inputPaths = (
			);
			name = "Embed Pods Frameworks";
			outputPaths = (
			);
			runOnlyForDeploymentPostprocessing = 0;
			shellPath = /bin/sh;
			shellScript = "\"${SRCROOT}/Pods/Target Support Files/Pods/Pods-frameworks.sh\"\n";
			showEnvVarsInLog = 0;
		};
		B3232DA4C1E34E4BCFA0FAD9 /* Check Pods Manifest.lock */ = {
			isa = PBXShellScriptBuildPhase;
			buildActionMask = 2147483647;
			files = (
			);
			inputPaths = (
			);
			name = "Check Pods Manifest.lock";
			outputPaths = (
			);
			runOnlyForDeploymentPostprocessing = 0;
			shellPath = /bin/sh;
			shellScript = "diff \"${PODS_ROOT}/../Podfile.lock\" \"${PODS_ROOT}/Manifest.lock\" > /dev/null\nif [[ $? != 0 ]] ; then\n    cat << EOM\nerror: The sandbox is not in sync with the Podfile.lock. Run 'pod install' or update your CocoaPods installation.\nEOM\n    exit 1\nfi\n";
			showEnvVarsInLog = 0;
		};
/* End PBXShellScriptBuildPhase section */

/* Begin PBXSourcesBuildPhase section */
		1CFFB8201C65EE04007695D1 /* Sources */ = {
			isa = PBXSourcesBuildPhase;
			buildActionMask = 2147483647;
			files = (
				1C07C8CD1C6732970067876A /* DraggableCardView.swift in Sources */,
				1CFFB8781C670F10007695D1 /* detaliViewColntroller.swift in Sources */,
				1CFFB82A1C65EE04007695D1 /* ViewController.swift in Sources */,
				1C07C8DD1C6732970067876A /* POPMath.mm in Sources */,
				1C07C8D51C6732970067876A /* POPAnimationTracer.mm in Sources */,
				1C07C8D31C6732970067876A /* POPAnimationExtras.mm in Sources */,
				1C07C8D71C6732970067876A /* POPBasicAnimation.mm in Sources */,
				1C07C8E01C6732970067876A /* POPVector.mm in Sources */,
				1C07C8D01C6732970067876A /* POPAnimatableProperty.mm in Sources */,
				1C0A172D1C749BC1000707EE /* DetaliKolodaView.swift in Sources */,
				1C07C8DC1C6732970067876A /* POPLayerExtras.mm in Sources */,
				1C44009A1C673C6F00767F8F /* CustomOverlayView.swift in Sources */,
				1C07C8D11C6732970067876A /* POPAnimation.mm in Sources */,
				1C07C8D41C6732970067876A /* POPAnimationRuntime.mm in Sources */,
				1C07C8DE1C6732970067876A /* POPPropertyAnimation.mm in Sources */,
				1CFFB8561C65F183007695D1 /* LATabBarController.swift in Sources */,
				1C07C8E31C67378B0067876A /* CustomKolodaView.swift in Sources */,
				1C07C8D21C6732970067876A /* POPAnimationEvent.mm in Sources */,
				1C07C8DA1C6732970067876A /* POPDecayAnimation.mm in Sources */,
				1C07C8DF1C6732970067876A /* POPSpringAnimation.mm in Sources */,
				1CFFB8731C66E745007695D1 /* LACollectionViewCell.swift in Sources */,
				1CFFB8711C66E745007695D1 /* DBUtility.swift in Sources */,
				1C07C8E11C6732970067876A /* TransformationMatrix.cpp in Sources */,
				1C07C8CE1C6732970067876A /* KolodaView.swift in Sources */,
				1CFFB8281C65EE04007695D1 /* AppDelegate.swift in Sources */,
				1CFFB8721C66E745007695D1 /* LABaseColletionView.swift in Sources */,
				1C07C8DB1C6732970067876A /* POPGeometry.mm in Sources */,
				1C44009C1C68715100767F8F /* LAModel.swift in Sources */,
				1C07C8D61C6732970067876A /* POPAnimator.mm in Sources */,
				1C07C8CF1C6732970067876A /* OverlayView.swift in Sources */,
				1CFFB8581C65F251007695D1 /* Constant.swift in Sources */,
				1C07C8D91C6732970067876A /* POPCustomAnimation.mm in Sources */,
				1CFFB8741C66E745007695D1 /* LACollectionViewCellModel.swift in Sources */,
				1C07C8D81C6732970067876A /* POPCGUtils.mm in Sources */,
			);
			runOnlyForDeploymentPostprocessing = 0;
		};
		1CFFB8341C65EE05007695D1 /* Sources */ = {
			isa = PBXSourcesBuildPhase;
			buildActionMask = 2147483647;
			files = (
				1CFFB83D1C65EE05007695D1 /* langerageTests.swift in Sources */,
			);
			runOnlyForDeploymentPostprocessing = 0;
		};
		1CFFB83F1C65EE05007695D1 /* Sources */ = {
			isa = PBXSourcesBuildPhase;
			buildActionMask = 2147483647;
			files = (
				1CFFB8481C65EE05007695D1 /* langerageUITests.swift in Sources */,
			);
			runOnlyForDeploymentPostprocessing = 0;
		};
/* End PBXSourcesBuildPhase section */

/* Begin PBXTargetDependency section */
		1CFFB83A1C65EE05007695D1 /* PBXTargetDependency */ = {
			isa = PBXTargetDependency;
			target = 1CFFB8231C65EE04007695D1 /* langerage */;
			targetProxy = 1CFFB8391C65EE05007695D1 /* PBXContainerItemProxy */;
		};
		1CFFB8451C65EE05007695D1 /* PBXTargetDependency */ = {
			isa = PBXTargetDependency;
			target = 1CFFB8231C65EE04007695D1 /* langerage */;
			targetProxy = 1CFFB8441C65EE05007695D1 /* PBXContainerItemProxy */;
		};
/* End PBXTargetDependency section */

/* Begin PBXVariantGroup section */
		1CFFB82B1C65EE04007695D1 /* Main.storyboard */ = {
			isa = PBXVariantGroup;
			children = (
				1CFFB82C1C65EE04007695D1 /* Base */,
			);
			name = Main.storyboard;
			sourceTree = "<group>";
		};
		1CFFB8301C65EE04007695D1 /* LaunchScreen.storyboard */ = {
			isa = PBXVariantGroup;
			children = (
				1CFFB8311C65EE04007695D1 /* Base */,
			);
			name = LaunchScreen.storyboard;
			sourceTree = "<group>";
		};
/* End PBXVariantGroup section */

/* Begin XCBuildConfiguration section */
		1CFFB84A1C65EE05007695D1 /* Debug */ = {
			isa = XCBuildConfiguration;
			buildSettings = {
				ALWAYS_SEARCH_USER_PATHS = NO;
				CLANG_CXX_LANGUAGE_STANDARD = "gnu++0x";
				CLANG_CXX_LIBRARY = "libc++";
				CLANG_ENABLE_MODULES = YES;
				CLANG_ENABLE_OBJC_ARC = YES;
				CLANG_WARN_BOOL_CONVERSION = YES;
				CLANG_WARN_CONSTANT_CONVERSION = YES;
				CLANG_WARN_DIRECT_OBJC_ISA_USAGE = YES_ERROR;
				CLANG_WARN_EMPTY_BODY = YES;
				CLANG_WARN_ENUM_CONVERSION = YES;
				CLANG_WARN_INT_CONVERSION = YES;
				CLANG_WARN_OBJC_ROOT_CLASS = YES_ERROR;
				CLANG_WARN_UNREACHABLE_CODE = YES;
				CLANG_WARN__DUPLICATE_METHOD_MATCH = YES;
				"CODE_SIGN_IDENTITY[sdk=iphoneos*]" = "iPhone Developer";
				COPY_PHASE_STRIP = NO;
				DEBUG_INFORMATION_FORMAT = dwarf;
				ENABLE_STRICT_OBJC_MSGSEND = YES;
				ENABLE_TESTABILITY = YES;
				GCC_C_LANGUAGE_STANDARD = gnu99;
				GCC_DYNAMIC_NO_PIC = NO;
				GCC_NO_COMMON_BLOCKS = YES;
				GCC_OPTIMIZATION_LEVEL = 0;
				GCC_PREPROCESSOR_DEFINITIONS = (
					"DEBUG=1",
					"$(inherited)",
				);
				GCC_WARN_64_TO_32_BIT_CONVERSION = YES;
				GCC_WARN_ABOUT_RETURN_TYPE = YES_ERROR;
				GCC_WARN_UNDECLARED_SELECTOR = YES;
				GCC_WARN_UNINITIALIZED_AUTOS = YES_AGGRESSIVE;
				GCC_WARN_UNUSED_FUNCTION = YES;
				GCC_WARN_UNUSED_VARIABLE = YES;
				IPHONEOS_DEPLOYMENT_TARGET = 9.2;
				MTL_ENABLE_DEBUG_INFO = YES;
				ONLY_ACTIVE_ARCH = YES;
				SDKROOT = iphoneos;
				SWIFT_OPTIMIZATION_LEVEL = "-Onone";
				TARGETED_DEVICE_FAMILY = "1,2";
			};
			name = Debug;
		};
		1CFFB84B1C65EE05007695D1 /* Release */ = {
			isa = XCBuildConfiguration;
			buildSettings = {
				ALWAYS_SEARCH_USER_PATHS = NO;
				CLANG_CXX_LANGUAGE_STANDARD = "gnu++0x";
				CLANG_CXX_LIBRARY = "libc++";
				CLANG_ENABLE_MODULES = YES;
				CLANG_ENABLE_OBJC_ARC = YES;
				CLANG_WARN_BOOL_CONVERSION = YES;
				CLANG_WARN_CONSTANT_CONVERSION = YES;
				CLANG_WARN_DIRECT_OBJC_ISA_USAGE = YES_ERROR;
				CLANG_WARN_EMPTY_BODY = YES;
				CLANG_WARN_ENUM_CONVERSION = YES;
				CLANG_WARN_INT_CONVERSION = YES;
				CLANG_WARN_OBJC_ROOT_CLASS = YES_ERROR;
				CLANG_WARN_UNREACHABLE_CODE = YES;
				CLANG_WARN__DUPLICATE_METHOD_MATCH = YES;
				"CODE_SIGN_IDENTITY[sdk=iphoneos*]" = "iPhone Developer";
				COPY_PHASE_STRIP = NO;
				DEBUG_INFORMATION_FORMAT = "dwarf-with-dsym";
				ENABLE_NS_ASSERTIONS = NO;
				ENABLE_STRICT_OBJC_MSGSEND = YES;
				GCC_C_LANGUAGE_STANDARD = gnu99;
				GCC_NO_COMMON_BLOCKS = YES;
				GCC_WARN_64_TO_32_BIT_CONVERSION = YES;
				GCC_WARN_ABOUT_RETURN_TYPE = YES_ERROR;
				GCC_WARN_UNDECLARED_SELECTOR = YES;
				GCC_WARN_UNINITIALIZED_AUTOS = YES_AGGRESSIVE;
				GCC_WARN_UNUSED_FUNCTION = YES;
				GCC_WARN_UNUSED_VARIABLE = YES;
				IPHONEOS_DEPLOYMENT_TARGET = 9.2;
				MTL_ENABLE_DEBUG_INFO = NO;
				SDKROOT = iphoneos;
				TARGETED_DEVICE_FAMILY = "1,2";
				VALIDATE_PRODUCT = YES;
			};
			name = Release;
		};
		1CFFB84D1C65EE05007695D1 /* Debug */ = {
			isa = XCBuildConfiguration;
			baseConfigurationReference = D1577AA7FDB8030A45D0290D /* Pods.debug.xcconfig */;
			buildSettings = {
				ASSETCATALOG_COMPILER_APPICON_NAME = AppIcon;
				INFOPLIST_FILE = langerage/Info.plist;
				LD_RUNPATH_SEARCH_PATHS = "$(inherited) @executable_path/Frameworks";
				PRODUCT_BUNDLE_IDENTIFIER = "com.-langerage.chinese.langerage";
				PRODUCT_NAME = "$(TARGET_NAME)";
			};
			name = Debug;
		};
		1CFFB84E1C65EE05007695D1 /* Release */ = {
			isa = XCBuildConfiguration;
			baseConfigurationReference = BC96A8A6F57F199A0EDBDD46 /* Pods.release.xcconfig */;
			buildSettings = {
				ASSETCATALOG_COMPILER_APPICON_NAME = AppIcon;
				INFOPLIST_FILE = langerage/Info.plist;
				LD_RUNPATH_SEARCH_PATHS = "$(inherited) @executable_path/Frameworks";
				PRODUCT_BUNDLE_IDENTIFIER = "com.-langerage.chinese.langerage";
				PRODUCT_NAME = "$(TARGET_NAME)";
			};
			name = Release;
		};
		1CFFB8501C65EE05007695D1 /* Debug */ = {
			isa = XCBuildConfiguration;
			buildSettings = {
				BUNDLE_LOADER = "$(TEST_HOST)";
				INFOPLIST_FILE = langerageTests/Info.plist;
				LD_RUNPATH_SEARCH_PATHS = "$(inherited) @executable_path/Frameworks @loader_path/Frameworks";
				PRODUCT_BUNDLE_IDENTIFIER = "com.-langerage.chinese.langerageTests";
				PRODUCT_NAME = "$(TARGET_NAME)";
				TEST_HOST = "$(BUILT_PRODUCTS_DIR)/langerage.app/langerage";
			};
			name = Debug;
		};
		1CFFB8511C65EE05007695D1 /* Release */ = {
			isa = XCBuildConfiguration;
			buildSettings = {
				BUNDLE_LOADER = "$(TEST_HOST)";
				INFOPLIST_FILE = langerageTests/Info.plist;
				LD_RUNPATH_SEARCH_PATHS = "$(inherited) @executable_path/Frameworks @loader_path/Frameworks";
				PRODUCT_BUNDLE_IDENTIFIER = "com.-langerage.chinese.langerageTests";
				PRODUCT_NAME = "$(TARGET_NAME)";
				TEST_HOST = "$(BUILT_PRODUCTS_DIR)/langerage.app/langerage";
			};
			name = Release;
		};
		1CFFB8531C65EE05007695D1 /* Debug */ = {
			isa = XCBuildConfiguration;
			buildSettings = {
				INFOPLIST_FILE = langerageUITests/Info.plist;
				LD_RUNPATH_SEARCH_PATHS = "$(inherited) @executable_path/Frameworks @loader_path/Frameworks";
				PRODUCT_BUNDLE_IDENTIFIER = "com.-langerage.chinese.langerageUITests";
				PRODUCT_NAME = "$(TARGET_NAME)";
				TEST_TARGET_NAME = langerage;
				USES_XCTRUNNER = YES;
			};
			name = Debug;
		};
		1CFFB8541C65EE05007695D1 /* Release */ = {
			isa = XCBuildConfiguration;
			buildSettings = {
				INFOPLIST_FILE = langerageUITests/Info.plist;
				LD_RUNPATH_SEARCH_PATHS = "$(inherited) @executable_path/Frameworks @loader_path/Frameworks";
				PRODUCT_BUNDLE_IDENTIFIER = "com.-langerage.chinese.langerageUITests";
				PRODUCT_NAME = "$(TARGET_NAME)";
				TEST_TARGET_NAME = langerage;
				USES_XCTRUNNER = YES;
			};
			name = Release;
		};
/* End XCBuildConfiguration section */

/* Begin XCConfigurationList section */
		1CFFB81F1C65EE04007695D1 /* Build configuration list for PBXProject "langerage" */ = {
			isa = XCConfigurationList;
			buildConfigurations = (
				1CFFB84A1C65EE05007695D1 /* Debug */,
				1CFFB84B1C65EE05007695D1 /* Release */,
			);
			defaultConfigurationIsVisible = 0;
			defaultConfigurationName = Release;
		};
		1CFFB84C1C65EE05007695D1 /* Build configuration list for PBXNativeTarget "langerage" */ = {
			isa = XCConfigurationList;
			buildConfigurations = (
				1CFFB84D1C65EE05007695D1 /* Debug */,
				1CFFB84E1C65EE05007695D1 /* Release */,
			);
			defaultConfigurationIsVisible = 0;
			defaultConfigurationName = Release;
		};
		1CFFB84F1C65EE05007695D1 /* Build configuration list for PBXNativeTarget "langerageTests" */ = {
			isa = XCConfigurationList;
			buildConfigurations = (
				1CFFB8501C65EE05007695D1 /* Debug */,
				1CFFB8511C65EE05007695D1 /* Release */,
			);
			defaultConfigurationIsVisible = 0;
			defaultConfigurationName = Release;
		};
		1CFFB8521C65EE05007695D1 /* Build configuration list for PBXNativeTarget "langerageUITests" */ = {
			isa = XCConfigurationList;
			buildConfigurations = (
				1CFFB8531C65EE05007695D1 /* Debug */,
				1CFFB8541C65EE05007695D1 /* Release */,
			);
			defaultConfigurationIsVisible = 0;
			defaultConfigurationName = Release;
		};
/* End XCConfigurationList section */
	};
	rootObject = 1CFFB81C1C65EE04007695D1 /* Project object */;
}
