// !$*UTF8*$!
{
	archiveVersion = 1;
	classes = {
	};
	objectVersion = 46;
	objects = {

/* Begin PBXBuildFile section */
		1CFFB8281C65EE04007695D1 /* AppDelegate.swift in Sources */ = {isa = PBXBuildFile; fileRef = 1CFFB8271C65EE04007695D1 /* AppDelegate.swift */; };
		1CFFB82A1C65EE04007695D1 /* ViewController.swift in Sources */ = {isa = PBXBuildFile; fileRef = 1CFFB8291C65EE04007695D1 /* ViewController.swift */; };
		1CFFB82D1C65EE04007695D1 /* Main.storyboard in Resources */ = {isa = PBXBuildFile; fileRef = 1CFFB82B1C65EE04007695D1 /* Main.storyboard */; };
		1CFFB82F1C65EE04007695D1 /* Assets.xcassets in Resources */ = {isa = PBXBuildFile; fileRef = 1CFFB82E1C65EE04007695D1 /* Assets.xcassets */; };
		1CFFB8321C65EE04007695D1 /* LaunchScreen.storyboard in Resources */ = {isa = PBXBuildFile; fileRef = 1CFFB8301C65EE04007695D1 /* LaunchScreen.storyboard */; };
		1CFFB83D1C65EE05007695D1 /* langerageTests.swift in Sources */ = {isa = PBXBuildFile; fileRef = 1CFFB83C1C65EE05007695D1 /* langerageTests.swift */; };
		1CFFB8481C65EE05007695D1 /* langerageUITests.swift in Sources */ = {isa = PBXBuildFile; fileRef = 1CFFB8471C65EE05007695D1 /* langerageUITests.swift */; };
		1CFFB8561C65F183007695D1 /* LATabBarController.swift in Sources */ = {isa = PBXBuildFile; fileRef = 1CFFB8551C65F183007695D1 /* LATabBarController.swift */; };
		1CFFB8581C65F251007695D1 /* Constant.swift in Sources */ = {isa = PBXBuildFile; fileRef = 1CFFB8571C65F251007695D1 /* Constant.swift */; };
/* End PBXBuildFile section */

/* Begin PBXContainerItemProxy section */
		1CFFB8391C65EE05007695D1 /* PBXContainerItemProxy */ = {
			isa = PBXContainerItemProxy;
			containerPortal = 1CFFB81C1C65EE04007695D1 /* Project object */;
			proxyType = 1;
			remoteGlobalIDString = 1CFFB8231C65EE04007695D1;
			remoteInfo = langerage;
		};
		1CFFB8441C65EE05007695D1 /* PBXContainerItemProxy */ = {
			isa = PBXContainerItemProxy;
			containerPortal = 1CFFB81C1C65EE04007695D1 /* Project object */;
			proxyType = 1;
			remoteGlobalIDString = 1CFFB8231C65EE04007695D1;
			remoteInfo = langerage;
		};
/* End PBXContainerItemProxy section */

/* Begin PBXFileReference section */
		1CFFB8241C65EE04007695D1 /* langerage.app */ = {isa = PBXFileReference; explicitFileType = wrapper.application; includeInIndex = 0; path = langerage.app; sourceTree = BUILT_PRODUCTS_DIR; };
		1CFFB8271C65EE04007695D1 /* AppDelegate.swift */ = {isa = PBXFileReference; lastKnownFileType = sourcecode.swift; path = AppDelegate.swift; sourceTree = "<group>"; };
		1CFFB8291C65EE04007695D1 /* ViewController.swift */ = {isa = PBXFileReference; lastKnownFileType = sourcecode.swift; path = ViewController.swift; sourceTree = "<group>"; };
		1CFFB82C1C65EE04007695D1 /* Base */ = {isa = PBXFileReference; lastKnownFileType = file.storyboard; name = Base; path = Base.lproj/Main.storyboard; sourceTree = "<group>"; };
		1CFFB82E1C65EE04007695D1 /* Assets.xcassets */ = {isa = PBXFileReference; lastKnownFileType = folder.assetcatalog; path = Assets.xcassets; sourceTree = "<group>"; };
		1CFFB8311C65EE04007695D1 /* Base */ = {isa = PBXFileReference; lastKnownFileType = file.storyboard; name = Base; path = Base.lproj/LaunchScreen.storyboard; sourceTree = "<group>"; };
		1CFFB8331C65EE04007695D1 /* Info.plist */ = {isa = PBXFileReference; lastKnownFileType = text.plist.xml; path = Info.plist; sourceTree = "<group>"; };
		1CFFB8381C65EE05007695D1 /* langerageTests.xctest */ = {isa = PBXFileReference; explicitFileType = wrapper.cfbundle; includeInIndex = 0; path = langerageTests.xctest; sourceTree = BUILT_PRODUCTS_DIR; };
		1CFFB83C1C65EE05007695D1 /* langerageTests.swift */ = {isa = PBXFileReference; lastKnownFileType = sourcecode.swift; path = langerageTests.swift; sourceTree = "<group>"; };
		1CFFB83E1C65EE05007695D1 /* Info.plist */ = {isa = PBXFileReference; lastKnownFileType = text.plist.xml; path = Info.plist; sourceTree = "<group>"; };
		1CFFB8431C65EE05007695D1 /* langerageUITests.xctest */ = {isa = PBXFileReference; explicitFileType = wrapper.cfbundle; includeInIndex = 0; path = langerageUITests.xctest; sourceTree = BUILT_PRODUCTS_DIR; };
		1CFFB8471C65EE05007695D1 /* langerageUITests.swift */ = {isa = PBXFileReference; lastKnownFileType = sourcecode.swift; path = langerageUITests.swift; sourceTree = "<group>"; };
		1CFFB8491C65EE05007695D1 /* Info.plist */ = {isa = PBXFileReference; lastKnownFileType = text.plist.xml; path = Info.plist; sourceTree = "<group>"; };
		1CFFB8551C65F183007695D1 /* LATabBarController.swift */ = {isa = PBXFileReference; fileEncoding = 4; lastKnownFileType = sourcecode.swift; name = LATabBarController.swift; path = baseObject/LATabBarController.swift; sourceTree = "<group>"; };
		1CFFB8571C65F251007695D1 /* Constant.swift */ = {isa = PBXFileReference; fileEncoding = 4; lastKnownFileType = sourcecode.swift; path = Constant.swift; sourceTree = "<group>"; };
/* End PBXFileReference section */

/* Begin PBXFrameworksBuildPhase section */
		1CFFB8211C65EE04007695D1 /* Frameworks */ = {
			isa = PBXFrameworksBuildPhase;
			buildActionMask = 2147483647;
			files = (
			);
			runOnlyForDeploymentPostprocessing = 0;
		};
		1CFFB8351C65EE05007695D1 /* Frameworks */ = {
			isa = PBXFrameworksBuildPhase;
			buildActionMask = 2147483647;
			files = (
			);
			runOnlyForDeploymentPostprocessing = 0;
		};
		1CFFB8401C65EE05007695D1 /* Frameworks */ = {
			isa = PBXFrameworksBuildPhase;
			buildActionMask = 2147483647;
			files = (
			);
			runOnlyForDeploymentPostprocessing = 0;
		};
/* End PBXFrameworksBuildPhase section */

/* Begin PBXGroup section */
		1CFFB81B1C65EE04007695D1 = {
			isa = PBXGroup;
			children = (
				1CFFB8261C65EE04007695D1 /* langerage */,
				1CFFB83B1C65EE05007695D1 /* langerageTests */,
				1CFFB8461C65EE05007695D1 /* langerageUITests */,
				1CFFB8251C65EE04007695D1 /* Products */,
			);
			sourceTree = "<group>";
		};
		1CFFB8251C65EE04007695D1 /* Products */ = {
			isa = PBXGroup;
			children = (
				1CFFB8241C65EE04007695D1 /* langerage.app */,
				1CFFB8381C65EE05007695D1 /* langerageTests.xctest */,
				1CFFB8431C65EE05007695D1 /* langerageUITests.xctest */,
			);
			name = Products;
			sourceTree = "<group>";
		};
		1CFFB8261C65EE04007695D1 /* langerage */ = {
			isa = PBXGroup;
			children = (
				1CFFB8271C65EE04007695D1 /* AppDelegate.swift */,
				1CFFB8291C65EE04007695D1 /* ViewController.swift */,
				1CFFB8551C65F183007695D1 /* LATabBarController.swift */,
				1CFFB8571C65F251007695D1 /* Constant.swift */,
				1CFFB82B1C65EE04007695D1 /* Main.storyboard */,
				1CFFB82E1C65EE04007695D1 /* Assets.xcassets */,
				1CFFB8301C65EE04007695D1 /* LaunchScreen.storyboard */,
				1CFFB8331C65EE04007695D1 /* Info.plist */,
			);
			path = langerage;
			sourceTree = "<group>";
		};
		1CFFB83B1C65EE05007695D1 /* langerageTests */ = {
			isa = PBXGroup;
			children = (
				1CFFB83C1C65EE05007695D1 /* langerageTests.swift */,
				1CFFB83E1C65EE05007695D1 /* Info.plist */,
			);
			path = langerageTests;
			sourceTree = "<group>";
		};
		1CFFB8461C65EE05007695D1 /* langerageUITests */ = {
			isa = PBXGroup;
			children = (
				1CFFB8471C65EE05007695D1 /* langerageUITests.swift */,
				1CFFB8491C65EE05007695D1 /* Info.plist */,
			);
			path = langerageUITests;
			sourceTree = "<group>";
		};
/* End PBXGroup section */

/* Begin PBXNativeTarget section */
		1CFFB8231C65EE04007695D1 /* langerage */ = {
			isa = PBXNativeTarget;
			buildConfigurationList = 1CFFB84C1C65EE05007695D1 /* Build configuration list for PBXNativeTarget "langerage" */;
			buildPhases = (
				1CFFB8201C65EE04007695D1 /* Sources */,
				1CFFB8211C65EE04007695D1 /* Frameworks */,
				1CFFB8221C65EE04007695D1 /* Resources */,
			);
			buildRules = (
			);
			dependencies = (
			);
			name = langerage;
			productName = langerage;
			productReference = 1CFFB8241C65EE04007695D1 /* langerage.app */;
			productType = "com.apple.product-type.application";
		};
		1CFFB8371C65EE05007695D1 /* langerageTests */ = {
			isa = PBXNativeTarget;
			buildConfigurationList = 1CFFB84F1C65EE05007695D1 /* Build configuration list for PBXNativeTarget "langerageTests" */;
			buildPhases = (
				1CFFB8341C65EE05007695D1 /* Sources */,
				1CFFB8351C65EE05007695D1 /* Frameworks */,
				1CFFB8361C65EE05007695D1 /* Resources */,
			);
			buildRules = (
			);
			dependencies = (
				1CFFB83A1C65EE05007695D1 /* PBXTargetDependency */,
			);
			name = langerageTests;
			productName = langerageTests;
			productReference = 1CFFB8381C65EE05007695D1 /* langerageTests.xctest */;
			productType = "com.apple.product-type.bundle.unit-test";
		};
		1CFFB8421C65EE05007695D1 /* langerageUITests */ = {
			isa = PBXNativeTarget;
			buildConfigurationList = 1CFFB8521C65EE05007695D1 /* Build configuration list for PBXNativeTarget "langerageUITests" */;
			buildPhases = (
				1CFFB83F1C65EE05007695D1 /* Sources */,
				1CFFB8401C65EE05007695D1 /* Frameworks */,
				1CFFB8411C65EE05007695D1 /* Resources */,
			);
			buildRules = (
			);
			dependencies = (
				1CFFB8451C65EE05007695D1 /* PBXTargetDependency */,
			);
			name = langerageUITests;
			productName = langerageUITests;
			productReference = 1CFFB8431C65EE05007695D1 /* langerageUITests.xctest */;
			productType = "com.apple.product-type.bundle.ui-testing";
		};
/* End PBXNativeTarget section */

/* Begin PBXProject section */
		1CFFB81C1C65EE04007695D1 /* Project object */ = {
			isa = PBXProject;
			attributes = {
				LastSwiftUpdateCheck = 0720;
				LastUpgradeCheck = 0720;
				ORGANIZATIONNAME = langerage;
				TargetAttributes = {
					1CFFB8231C65EE04007695D1 = {
						CreatedOnToolsVersion = 7.2.1;
					};
					1CFFB8371C65EE05007695D1 = {
						CreatedOnToolsVersion = 7.2.1;
						TestTargetID = 1CFFB8231C65EE04007695D1;
					};
					1CFFB8421C65EE05007695D1 = {
						CreatedOnToolsVersion = 7.2.1;
						TestTargetID = 1CFFB8231C65EE04007695D1;
					};
				};
			};
			buildConfigurationList = 1CFFB81F1C65EE04007695D1 /* Build configuration list for PBXProject "langerage" */;
			compatibilityVersion = "Xcode 3.2";
			developmentRegion = English;
			hasScannedForEncodings = 0;
			knownRegions = (
				en,
				Base,
			);
			mainGroup = 1CFFB81B1C65EE04007695D1;
			productRefGroup = 1CFFB8251C65EE04007695D1 /* Products */;
			projectDirPath = "";
			projectRoot = "";
			targets = (
				1CFFB8231C65EE04007695D1 /* langerage */,
				1CFFB8371C65EE05007695D1 /* langerageTests */,
				1CFFB8421C65EE05007695D1 /* langerageUITests */,
			);
		};
/* End PBXProject section */

/* Begin PBXResourcesBuildPhase section */
		1CFFB8221C65EE04007695D1 /* Resources */ = {
			isa = PBXResourcesBuildPhase;
			buildActionMask = 2147483647;
			files = (
				1CFFB8321C65EE04007695D1 /* LaunchScreen.storyboard in Resources */,
				1CFFB82F1C65EE04007695D1 /* Assets.xcassets in Resources */,
				1CFFB82D1C65EE04007695D1 /* Main.storyboard in Resources */,
			);
			runOnlyForDeploymentPostprocessing = 0;
		};
		1CFFB8361C65EE05007695D1 /* Resources */ = {
			isa = PBXResourcesBuildPhase;
			buildActionMask = 2147483647;
			files = (
			);
			runOnlyForDeploymentPostprocessing = 0;
		};
		1CFFB8411C65EE05007695D1 /* Resources */ = {
			isa = PBXResourcesBuildPhase;
			buildActionMask = 2147483647;
			files = (
			);
			runOnlyForDeploymentPostprocessing = 0;
		};
/* End PBXResourcesBuildPhase section */

/* Begin PBXSourcesBuildPhase section */
		1CFFB8201C65EE04007695D1 /* Sources */ = {
			isa = PBXSourcesBuildPhase;
			buildActionMask = 2147483647;
			files = (
				1CFFB82A1C65EE04007695D1 /* ViewController.swift in Sources */,
				1CFFB8561C65F183007695D1 /* LATabBarController.swift in Sources */,
				1CFFB8281C65EE04007695D1 /* AppDelegate.swift in Sources */,
				1CFFB8581C65F251007695D1 /* Constant.swift in Sources */,
			);
			runOnlyForDeploymentPostprocessing = 0;
		};
		1CFFB8341C65EE05007695D1 /* Sources */ = {
			isa = PBXSourcesBuildPhase;
			buildActionMask = 2147483647;
			files = (
				1CFFB83D1C65EE05007695D1 /* langerageTests.swift in Sources */,
			);
			runOnlyForDeploymentPostprocessing = 0;
		};
		1CFFB83F1C65EE05007695D1 /* Sources */ = {
			isa = PBXSourcesBuildPhase;
			buildActionMask = 2147483647;
			files = (
				1CFFB8481C65EE05007695D1 /* langerageUITests.swift in Sources */,
			);
			runOnlyForDeploymentPostprocessing = 0;
		};
/* End PBXSourcesBuildPhase section */

/* Begin PBXTargetDependency section */
		1CFFB83A1C65EE05007695D1 /* PBXTargetDependency */ = {
			isa = PBXTargetDependency;
			target = 1CFFB8231C65EE04007695D1 /* langerage */;
			targetProxy = 1CFFB8391C65EE05007695D1 /* PBXContainerItemProxy */;
		};
		1CFFB8451C65EE05007695D1 /* PBXTargetDependency */ = {
			isa = PBXTargetDependency;
			target = 1CFFB8231C65EE04007695D1 /* langerage */;
			targetProxy = 1CFFB8441C65EE05007695D1 /* PBXContainerItemProxy */;
		};
/* End PBXTargetDependency section */

/* Begin PBXVariantGroup section */
		1CFFB82B1C65EE04007695D1 /* Main.storyboard */ = {
			isa = PBXVariantGroup;
			children = (
				1CFFB82C1C65EE04007695D1 /* Base */,
			);
			name = Main.storyboard;
			sourceTree = "<group>";
		};
		1CFFB8301C65EE04007695D1 /* LaunchScreen.storyboard */ = {
			isa = PBXVariantGroup;
			children = (
				1CFFB8311C65EE04007695D1 /* Base */,
			);
			name = LaunchScreen.storyboard;
			sourceTree = "<group>";
		};
/* End PBXVariantGroup section */

/* Begin XCBuildConfiguration section */
		1CFFB84A1C65EE05007695D1 /* Debug */ = {
			isa = XCBuildConfiguration;
			buildSettings = {
				ALWAYS_SEARCH_USER_PATHS = NO;
				CLANG_CXX_LANGUAGE_STANDARD = "gnu++0x";
				CLANG_CXX_LIBRARY = "libc++";
				CLANG_ENABLE_MODULES = YES;
				CLANG_ENABLE_OBJC_ARC = YES;
				CLANG_WARN_BOOL_CONVERSION = YES;
				CLANG_WARN_CONSTANT_CONVERSION = YES;
				CLANG_WARN_DIRECT_OBJC_ISA_USAGE = YES_ERROR;
				CLANG_WARN_EMPTY_BODY = YES;
				CLANG_WARN_ENUM_CONVERSION = YES;
				CLANG_WARN_INT_CONVERSION = YES;
				CLANG_WARN_OBJC_ROOT_CLASS = YES_ERROR;
				CLANG_WARN_UNREACHABLE_CODE = YES;
				CLANG_WARN__DUPLICATE_METHOD_MATCH = YES;
				"CODE_SIGN_IDENTITY[sdk=iphoneos*]" = "iPhone Developer";
				COPY_PHASE_STRIP = NO;
				DEBUG_INFORMATION_FORMAT = dwarf;
				ENABLE_STRICT_OBJC_MSGSEND = YES;
				ENABLE_TESTABILITY = YES;
				GCC_C_LANGUAGE_STANDARD = gnu99;
				GCC_DYNAMIC_NO_PIC = NO;
				GCC_NO_COMMON_BLOCKS = YES;
				GCC_OPTIMIZATION_LEVEL = 0;
				GCC_PREPROCESSOR_DEFINITIONS = (
					"DEBUG=1",
					"$(inherited)",
				);
				GCC_WARN_64_TO_32_BIT_CONVERSION = YES;
				GCC_WARN_ABOUT_RETURN_TYPE = YES_ERROR;
				GCC_WARN_UNDECLARED_SELECTOR = YES;
				GCC_WARN_UNINITIALIZED_AUTOS = YES_AGGRESSIVE;
				GCC_WARN_UNUSED_FUNCTION = YES;
				GCC_WARN_UNUSED_VARIABLE = YES;
				IPHONEOS_DEPLOYMENT_TARGET = 9.2;
				MTL_ENABLE_DEBUG_INFO = YES;
				ONLY_ACTIVE_ARCH = YES;
				SDKROOT = iphoneos;
				SWIFT_OPTIMIZATION_LEVEL = "-Onone";
				TARGETED_DEVICE_FAMILY = "1,2";
			};
			name = Debug;
		};
		1CFFB84B1C65EE05007695D1 /* Release */ = {
			isa = XCBuildConfiguration;
			buildSettings = {
				ALWAYS_SEARCH_USER_PATHS = NO;
				CLANG_CXX_LANGUAGE_STANDARD = "gnu++0x";
				CLANG_CXX_LIBRARY = "libc++";
				CLANG_ENABLE_MODULES = YES;
				CLANG_ENABLE_OBJC_ARC = YES;
				CLANG_WARN_BOOL_CONVERSION = YES;
				CLANG_WARN_CONSTANT_CONVERSION = YES;
				CLANG_WARN_DIRECT_OBJC_ISA_USAGE = YES_ERROR;
				CLANG_WARN_EMPTY_BODY = YES;
				CLANG_WARN_ENUM_CONVERSION = YES;
				CLANG_WARN_INT_CONVERSION = YES;
				CLANG_WARN_OBJC_ROOT_CLASS = YES_ERROR;
				CLANG_WARN_UNREACHABLE_CODE = YES;
				CLANG_WARN__DUPLICATE_METHOD_MATCH = YES;
				"CODE_SIGN_IDENTITY[sdk=iphoneos*]" = "iPhone Developer";
				COPY_PHASE_STRIP = NO;
				DEBUG_INFORMATION_FORMAT = "dwarf-with-dsym";
				ENABLE_NS_ASSERTIONS = NO;
				ENABLE_STRICT_OBJC_MSGSEND = YES;
				GCC_C_LANGUAGE_STANDARD = gnu99;
				GCC_NO_COMMON_BLOCKS = YES;
				GCC_WARN_64_TO_32_BIT_CONVERSION = YES;
				GCC_WARN_ABOUT_RETURN_TYPE = YES_ERROR;
				GCC_WARN_UNDECLARED_SELECTOR = YES;
				GCC_WARN_UNINITIALIZED_AUTOS = YES_AGGRESSIVE;
				GCC_WARN_UNUSED_FUNCTION = YES;
				GCC_WARN_UNUSED_VARIABLE = YES;
				IPHONEOS_DEPLOYMENT_TARGET = 9.2;
				MTL_ENABLE_DEBUG_INFO = NO;
				SDKROOT = iphoneos;
				TARGETED_DEVICE_FAMILY = "1,2";
				VALIDATE_PRODUCT = YES;
			};
			name = Release;
		};
		1CFFB84D1C65EE05007695D1 /* Debug */ = {
			isa = XCBuildConfiguration;
			buildSettings = {
				ASSETCATALOG_COMPILER_APPICON_NAME = AppIcon;
				INFOPLIST_FILE = langerage/Info.plist;
				LD_RUNPATH_SEARCH_PATHS = "$(inherited) @executable_path/Frameworks";
				PRODUCT_BUNDLE_IDENTIFIER = "com.-langerage.chinese.langerage";
				PRODUCT_NAME = "$(TARGET_NAME)";
			};
			name = Debug;
		};
		1CFFB84E1C65EE05007695D1 /* Release */ = {
			isa = XCBuildConfiguration;
			buildSettings = {
				ASSETCATALOG_COMPILER_APPICON_NAME = AppIcon;
				INFOPLIST_FILE = langerage/Info.plist;
				LD_RUNPATH_SEARCH_PATHS = "$(inherited) @executable_path/Frameworks";
				PRODUCT_BUNDLE_IDENTIFIER = "com.-langerage.chinese.langerage";
				PRODUCT_NAME = "$(TARGET_NAME)";
			};
			name = Release;
		};
		1CFFB8501C65EE05007695D1 /* Debug */ = {
			isa = XCBuildConfiguration;
			buildSettings = {
				BUNDLE_LOADER = "$(TEST_HOST)";
				INFOPLIST_FILE = langerageTests/Info.plist;
				LD_RUNPATH_SEARCH_PATHS = "$(inherited) @executable_path/Frameworks @loader_path/Frameworks";
				PRODUCT_BUNDLE_IDENTIFIER = "com.-langerage.chinese.langerageTests";
				PRODUCT_NAME = "$(TARGET_NAME)";
				TEST_HOST = "$(BUILT_PRODUCTS_DIR)/langerage.app/langerage";
			};
			name = Debug;
		};
		1CFFB8511C65EE05007695D1 /* Release */ = {
			isa = XCBuildConfiguration;
			buildSettings = {
				BUNDLE_LOADER = "$(TEST_HOST)";
				INFOPLIST_FILE = langerageTests/Info.plist;
				LD_RUNPATH_SEARCH_PATHS = "$(inherited) @executable_path/Frameworks @loader_path/Frameworks";
				PRODUCT_BUNDLE_IDENTIFIER = "com.-langerage.chinese.langerageTests";
				PRODUCT_NAME = "$(TARGET_NAME)";
				TEST_HOST = "$(BUILT_PRODUCTS_DIR)/langerage.app/langerage";
			};
			name = Release;
		};
		1CFFB8531C65EE05007695D1 /* Debug */ = {
			isa = XCBuildConfiguration;
			buildSettings = {
				INFOPLIST_FILE = langerageUITests/Info.plist;
				LD_RUNPATH_SEARCH_PATHS = "$(inherited) @executable_path/Frameworks @loader_path/Frameworks";
				PRODUCT_BUNDLE_IDENTIFIER = "com.-langerage.chinese.langerageUITests";
				PRODUCT_NAME = "$(TARGET_NAME)";
				TEST_TARGET_NAME = langerage;
				USES_XCTRUNNER = YES;
			};
			name = Debug;
		};
		1CFFB8541C65EE05007695D1 /* Release */ = {
			isa = XCBuildConfiguration;
			buildSettings = {
				INFOPLIST_FILE = langerageUITests/Info.plist;
				LD_RUNPATH_SEARCH_PATHS = "$(inherited) @executable_path/Frameworks @loader_path/Frameworks";
				PRODUCT_BUNDLE_IDENTIFIER = "com.-langerage.chinese.langerageUITests";
				PRODUCT_NAME = "$(TARGET_NAME)";
				TEST_TARGET_NAME = langerage;
				USES_XCTRUNNER = YES;
			};
			name = Release;
		};
/* End XCBuildConfiguration section */

/* Begin XCConfigurationList section */
		1CFFB81F1C65EE04007695D1 /* Build configuration list for PBXProject "langerage" */ = {
			isa = XCConfigurationList;
			buildConfigurations = (
				1CFFB84A1C65EE05007695D1 /* Debug */,
				1CFFB84B1C65EE05007695D1 /* Release */,
			);
			defaultConfigurationIsVisible = 0;
			defaultConfigurationName = Release;
		};
		1CFFB84C1C65EE05007695D1 /* Build configuration list for PBXNativeTarget "langerage" */ = {
			isa = XCConfigurationList;
			buildConfigurations = (
				1CFFB84D1C65EE05007695D1 /* Debug */,
				1CFFB84E1C65EE05007695D1 /* Release */,
			);
			defaultConfigurationIsVisible = 0;
		};
		1CFFB84F1C65EE05007695D1 /* Build configuration list for PBXNativeTarget "langerageTests" */ = {
			isa = XCConfigurationList;
			buildConfigurations = (
				1CFFB8501C65EE05007695D1 /* Debug */,
				1CFFB8511C65EE05007695D1 /* Release */,
			);
			defaultConfigurationIsVisible = 0;
		};
		1CFFB8521C65EE05007695D1 /* Build configuration list for PBXNativeTarget "langerageUITests" */ = {
			isa = XCConfigurationList;
			buildConfigurations = (
				1CFFB8531C65EE05007695D1 /* Debug */,
				1CFFB8541C65EE05007695D1 /* Release */,
			);
			defaultConfigurationIsVisible = 0;
		};
/* End XCConfigurationList section */
	};
	rootObject = 1CFFB81C1C65EE04007695D1 /* Project object */;
}
